
Microsoft Visual Studio Solution File, Format Version 12.00
# Visual Studio Version 17
VisualStudioVersion = 17.3.32922.545
MinimumVisualStudioVersion = 10.0.40219.1
Project("{8BC9CEB8-8B4A-11D0-8D11-00A0C91BC942}") = "PersistentVector", "PersistentVector\PersistentVector.vcxproj", "{0F2CB6D5-8134-4C43-B6E9-B6B267ED0B5E}"
EndProject
Project("{8BC9CEB8-8B4A-11D0-8D11-00A0C91BC942}") = "h-vs-cc", "h-vs-cc\h-vs-cc.vcxproj", "{47A3E11F-1C60-4C0A-BF1B-B937B6E91BCF}"
EndProject
Global
	GlobalSection(SolutionConfigurationPlatforms) = preSolution
		Debug|x64 = Debug|x64
		Debug|x86 = Debug|x86
		Release|x64 = Release|x64
		Release|x86 = Release|x86
	EndGlobalSection
	GlobalSection(ProjectConfigurationPlatforms) = postSolution
		{0F2CB6D5-8134-4C43-B6E9-B6B267ED0B5E}.Debug|x64.ActiveCfg = Debug|x64
		{0F2CB6D5-8134-4C43-B6E9-B6B267ED0B5E}.Debug|x64.Build.0 = Debug|x64
		{0F2CB6D5-8134-4C43-B6E9-B6B267ED0B5E}.Debug|x86.ActiveCfg = Debug|Win32
		{0F2CB6D5-8134-4C43-B6E9-B6B267ED0B5E}.Debug|x86.Build.0 = Debug|Win32
		{0F2CB6D5-8134-4C43-B6E9-B6B267ED0B5E}.Release|x64.ActiveCfg = Release|x64
		{0F2CB6D5-8134-4C43-B6E9-B6B267ED0B5E}.Release|x64.Build.0 = Release|x64
		{0F2CB6D5-8134-4C43-B6E9-B6B267ED0B5E}.Release|x86.ActiveCfg = Release|Win32
		{0F2CB6D5-8134-4C43-B6E9-B6B267ED0B5E}.Release|x86.Build.0 = Release|Win32
		{47A3E11F-1C60-4C0A-BF1B-B937B6E91BCF}.Debug|x64.ActiveCfg = Debug|x64
		{47A3E11F-1C60-4C0A-BF1B-B937B6E91BCF}.Debug|x64.Build.0 = Debug|x64
		{47A3E11F-1C60-4C0A-BF1B-B937B6E91BCF}.Debug|x86.ActiveCfg = Debug|Win32
		{47A3E11F-1C60-4C0A-BF1B-B937B6E91BCF}.Debug|x86.Build.0 = Debug|Win32
		{47A3E11F-1C60-4C0A-BF1B-B937B6E91BCF}.Release|x64.ActiveCfg = Release|x64
		{47A3E11F-1C60-4C0A-BF1B-B937B6E91BCF}.Release|x64.Build.0 = Release|x64
		{47A3E11F-1C60-4C0A-BF1B-B937B6E91BCF}.Release|x86.ActiveCfg = Release|Win32
		{47A3E11F-1C60-4C0A-BF1B-B937B6E91BCF}.Release|x86.Build.0 = Release|Win32
	EndGlobalSection
	GlobalSection(SolutionProperties) = preSolution
		HideSolutionNode = FALSE
	EndGlobalSection
	GlobalSection(ExtensibilityGlobals) = postSolution
		SolutionGuid = {56257D09-B9DA-4928-B2A2-40DB63872202}
	EndGlobalSection
EndGlobal
